{
  "name": "portability",
  "lockfileVersion": 3,
  "requires": true,
  "packages": {
    "": {
      "dependencies": {
        "@appport/sdk": "1.1.2",
        "@feltdb/core": "0.8.3"
      }
    },
    "node_modules/@appport/sdk": {
      "version": "1.1.2",
      "resolved": "https://registry.npmjs.org/@appport/sdk/-/sdk-1.1.2.tgz",
      "integrity": "sha512-W9yKsQzg8UmwlIb2P8jxkOP6R8KLuvnY8GVGNsKf0gYrqXiOFZ+yjmcuaUFgheLqjzbEcQ00vpRV9Qf51+Asqw==",
      "license": "Apache-2.0",
      "engines": {
        "node": ">=20"
      }
    },
    "node_modules/@feltdb/core": {
      "version": "0.8.3",
      "resolved": "https://registry.npmjs.org/@feltdb/core/-/core-0.8.3.tgz",
      "integrity": "sha512-l78iKV5xKOQX8m4dgxUlF3O5+6wv4faH3YgF8jbtLQph9u8Jya4FnHOdLmrTf8knNgTGqdknsRSvYZab2kNzXA==",
      "license": "MIT",
      "bin": {
        "create-feltdb": "bin/create-feltdb.js",
        "feltdb": "bin/feltdb.js"
      },
      "engines": {
        "node": ">=14"
      },
      "peerDependencies": {
        "react": "^16.8.0 || ^17.0.0 || ^18.0.0 || ^19.0.0",
        "react-dom": "^16.8.0 || ^17.0.0 || ^18.0.0 || ^19.0.0",
        "react-router-dom": "^7.0.0"
      },
      "peerDependenciesMeta": {
        "react": {
          "optional": true
        },
        "react-dom": {
          "optional": true
        },
        "react-router-dom": {
          "optional": true
        }
      }
    }
  }
}
